Microsoft Visual Studio Solution File, Format Version 12.00
# Visual Studio 15
VisualStudioVersion = 15.0.26730.12
MinimumVisualStudioVersion = 10.0.40219.1
Project("{2150E333-8FDC-42A3-9474-1A3956D46DE8}") = "1 - Presentation", "1 - Presentation", "{393D5A77-DC87-4C0E-A8BB-D23DA1ACA594}"
EndProject
Project("{9A19103F-16F7-4668-BE54-9A1E7A4F7556}") = "APITestGateway.Presentation.WebAPI", "APITestGateway.Presentation.WebAPI\APITestGateway.Presentation.WebAPI.csproj", "{BE16E30A-08DD-4FD8-A8A3-4DDFEADE104F}"
EndProject
Global
	GlobalSection(SolutionConfigurationPlatforms) = preSolution
		Debug|Any CPU = Debug|Any CPU
		Release|Any CPU = Release|Any CPU
	EndGlobalSection
	GlobalSection(ProjectConfigurationPlatforms) = postSolution
		{BE16E30A-08DD-4FD8-A8A3-4DDFEADE104F}.Debug|Any CPU.ActiveCfg = Debug|Any CPU
		{BE16E30A-08DD-4FD8-A8A3-4DDFEADE104F}.Debug|Any CPU.Build.0 = Debug|Any CPU
		{BE16E30A-08DD-4FD8-A8A3-4DDFEADE104F}.Release|Any CPU.ActiveCfg = Release|Any CPU
		{BE16E30A-08DD-4FD8-A8A3-4DDFEADE104F}.Release|Any CPU.Build.0 = Release|Any CPU
	EndGlobalSection
	GlobalSection(SolutionProperties) = preSolution
		HideSolutionNode = FALSE
	EndGlobalSection
	GlobalSection(NestedProjects) = preSolution
		{BE16E30A-08DD-4FD8-A8A3-4DDFEADE104F} = {393D5A77-DC87-4C0E-A8BB-D23DA1ACA594}
	EndGlobalSection
	GlobalSection(ExtensibilityGlobals) = postSolution
		SolutionGuid = {233F72BD-8D9B-4E12-AF09-B131274CAD48}
	EndGlobalSection
EndGlobal
